{
  "version": 4,
  "terraform_version": "1.4.6",
  "serial": 94,
  "lineage": "6f735991-b4d9-f167-81ed-8f55fca549c8",
  "outputs": {},
  "resources": [
    {
      "mode": "managed",
      "type": "aws_instance",
      "name": "db",
      "provider": "provider[\"registry.terraform.io/hashicorp/aws\"]",
      "instances": [
        {
          "schema_version": 1,
          "attributes": {
            "ami": "ami-0baa2760c1decf0c8",
            "arn": "arn:aws:ec2:ca-central-1:295196550967:instance/i-018bad405064cba5d",
            "associate_public_ip_address": true,
            "availability_zone": "ca-central-1a",
            "capacity_reservation_specification": [
              {
                "capacity_reservation_preference": "open",
                "capacity_reservation_target": []
              }
            ],
            "cpu_core_count": 1,
            "cpu_options": [
              {
                "amd_sev_snp": "",
                "core_count": 1,
                "threads_per_core": 1
              }
            ],
            "cpu_threads_per_core": 1,
            "credit_specification": [
              {
                "cpu_credits": "standard"
              }
            ],
            "disable_api_stop": false,
            "disable_api_termination": false,
            "ebs_block_device": [],
            "ebs_optimized": false,
            "enclave_options": [
              {
                "enabled": false
              }
            ],
            "ephemeral_block_device": [],
            "get_password_data": false,
            "hibernation": false,
            "host_id": "",
            "host_resource_group_arn": null,
            "iam_instance_profile": "",
            "id": "i-018bad405064cba5d",
            "instance_initiated_shutdown_behavior": "stop",
            "instance_lifecycle": "",
            "instance_market_options": [],
            "instance_state": "running",
            "instance_type": "t2.micro",
            "ipv6_address_count": 0,
            "ipv6_addresses": [],
            "key_name": "app-key",
            "launch_template": [],
            "maintenance_options": [
              {
                "auto_recovery": "default"
              }
            ],
            "metadata_options": [
              {
                "http_endpoint": "enabled",
                "http_put_response_hop_limit": 1,
                "http_tokens": "optional",
                "instance_metadata_tags": "disabled"
              }
            ],
            "monitoring": false,
            "network_interface": [],
            "outpost_arn": "",
            "password_data": "",
            "placement_group": "",
            "placement_partition_number": 0,
            "primary_network_interface_id": "eni-012a237f78ea5972d",
            "private_dns": "ip-192-168-0-13.ca-central-1.compute.internal",
            "private_dns_name_options": [
              {
                "enable_resource_name_dns_a_record": false,
                "enable_resource_name_dns_aaaa_record": false,
                "hostname_type": "ip-name"
              }
            ],
            "private_ip": "192.168.0.13",
            "public_dns": "",
            "public_ip": "15.156.193.174",
            "root_block_device": [
              {
                "delete_on_termination": true,
                "device_name": "/dev/sda1",
                "encrypted": false,
                "iops": 100,
                "kms_key_id": "",
                "tags": {},
                "throughput": 0,
                "volume_id": "vol-028fedad545ae781f",
                "volume_size": 8,
                "volume_type": "gp2"
              }
            ],
            "secondary_private_ips": [],
            "security_groups": [],
            "source_dest_check": true,
            "spot_instance_request_id": "",
            "subnet_id": "subnet-0c58477d64457c1e3",
            "tags": {
              "Name": "DB"
            },
            "tags_all": {
              "Name": "DB"
            },
            "tenancy": "default",
            "timeouts": null,
            "user_data": null,
            "user_data_base64": null,
            "user_data_replace_on_change": false,
            "volume_tags": null,
            "vpc_security_group_ids": [
              "sg-039765d0c591bd06f"
            ]
          },
          "sensitive_attributes": [],
          "private": "eyJlMmJmYjczMC1lY2FhLTExZTYtOGY4OC0zNDM2M2JjN2M0YzAiOnsiY3JlYXRlIjo2MDAwMDAwMDAwMDAsImRlbGV0ZSI6MTIwMDAwMDAwMDAwMCwidXBkYXRlIjo2MDAwMDAwMDAwMDB9LCJzY2hlbWFfdmVyc2lvbiI6IjEifQ==",
          "dependencies": [
            "aws_key_pair.app_key",
            "aws_subnet.app_subnet",
            "tls_private_key.ssh_key"
          ]
        }
      ]
    },
    {
      "mode": "managed",
      "type": "aws_instance",
      "name": "lb",
      "provider": "provider[\"registry.terraform.io/hashicorp/aws\"]",
      "instances": [
        {
          "schema_version": 1,
          "attributes": {
            "ami": "ami-0baa2760c1decf0c8",
            "arn": "arn:aws:ec2:ca-central-1:295196550967:instance/i-046741b8bd87caeaf",
            "associate_public_ip_address": true,
            "availability_zone": "ca-central-1a",
            "capacity_reservation_specification": [
              {
                "capacity_reservation_preference": "open",
                "capacity_reservation_target": []
              }
            ],
            "cpu_core_count": 1,
            "cpu_options": [
              {
                "amd_sev_snp": "",
                "core_count": 1,
                "threads_per_core": 1
              }
            ],
            "cpu_threads_per_core": 1,
            "credit_specification": [
              {
                "cpu_credits": "standard"
              }
            ],
            "disable_api_stop": false,
            "disable_api_termination": false,
            "ebs_block_device": [],
            "ebs_optimized": false,
            "enclave_options": [
              {
                "enabled": false
              }
            ],
            "ephemeral_block_device": [],
            "get_password_data": false,
            "hibernation": false,
            "host_id": "",
            "host_resource_group_arn": null,
            "iam_instance_profile": "",
            "id": "i-046741b8bd87caeaf",
            "instance_initiated_shutdown_behavior": "stop",
            "instance_lifecycle": "",
            "instance_market_options": [],
            "instance_state": "running",
            "instance_type": "t2.micro",
            "ipv6_address_count": 0,
            "ipv6_addresses": [],
            "key_name": "app-key",
            "launch_template": [],
            "maintenance_options": [
              {
                "auto_recovery": "default"
              }
            ],
            "metadata_options": [
              {
                "http_endpoint": "enabled",
                "http_put_response_hop_limit": 1,
                "http_tokens": "optional",
                "instance_metadata_tags": "disabled"
              }
            ],
            "monitoring": false,
            "network_interface": [],
            "outpost_arn": "",
            "password_data": "",
            "placement_group": "",
            "placement_partition_number": 0,
            "primary_network_interface_id": "eni-0e9003b70d20bed89",
            "private_dns": "ip-192-168-0-11.ca-central-1.compute.internal",
            "private_dns_name_options": [
              {
                "enable_resource_name_dns_a_record": false,
                "enable_resource_name_dns_aaaa_record": false,
                "hostname_type": "ip-name"
              }
            ],
            "private_ip": "192.168.0.11",
            "public_dns": "",
            "public_ip": "3.97.8.60",
            "root_block_device": [
              {
                "delete_on_termination": true,
                "device_name": "/dev/sda1",
                "encrypted": false,
                "iops": 100,
                "kms_key_id": "",
                "tags": {},
                "throughput": 0,
                "volume_id": "vol-0720a93e337b8ce14",
                "volume_size": 8,
                "volume_type": "gp2"
              }
            ],
            "secondary_private_ips": [],
            "security_groups": [],
            "source_dest_check": true,
            "spot_instance_request_id": "",
            "subnet_id": "subnet-0c58477d64457c1e3",
            "tags": {
              "Name": "LB"
            },
            "tags_all": {
              "Name": "LB"
            },
            "tenancy": "default",
            "timeouts": null,
            "user_data": null,
            "user_data_base64": null,
            "user_data_replace_on_change": false,
            "volume_tags": null,
            "vpc_security_group_ids": [
              "sg-039765d0c591bd06f"
            ]
          },
          "sensitive_attributes": [],
          "private": "eyJlMmJmYjczMC1lY2FhLTExZTYtOGY4OC0zNDM2M2JjN2M0YzAiOnsiY3JlYXRlIjo2MDAwMDAwMDAwMDAsImRlbGV0ZSI6MTIwMDAwMDAwMDAwMCwidXBkYXRlIjo2MDAwMDAwMDAwMDB9LCJzY2hlbWFfdmVyc2lvbiI6IjEifQ==",
          "dependencies": [
            "aws_key_pair.app_key",
            "aws_subnet.app_subnet",
            "tls_private_key.ssh_key"
          ]
        }
      ]
    },
    {
      "mode": "managed",
      "type": "aws_instance",
      "name": "web",
      "provider": "provider[\"registry.terraform.io/hashicorp/aws\"]",
      "instances": [
        {
          "schema_version": 1,
          "attributes": {
            "ami": "ami-0baa2760c1decf0c8",
            "arn": "arn:aws:ec2:ca-central-1:295196550967:instance/i-0e82edb4c71274564",
            "associate_public_ip_address": true,
            "availability_zone": "ca-central-1a",
            "capacity_reservation_specification": [
              {
                "capacity_reservation_preference": "open",
                "capacity_reservation_target": []
              }
            ],
            "cpu_core_count": 1,
            "cpu_options": [
              {
                "amd_sev_snp": "",
                "core_count": 1,
                "threads_per_core": 1
              }
            ],
            "cpu_threads_per_core": 1,
            "credit_specification": [
              {
                "cpu_credits": "standard"
              }
            ],
            "disable_api_stop": false,
            "disable_api_termination": false,
            "ebs_block_device": [],
            "ebs_optimized": false,
            "enclave_options": [
              {
                "enabled": false
              }
            ],
            "ephemeral_block_device": [],
            "get_password_data": false,
            "hibernation": false,
            "host_id": "",
            "host_resource_group_arn": null,
            "iam_instance_profile": "",
            "id": "i-0e82edb4c71274564",
            "instance_initiated_shutdown_behavior": "stop",
            "instance_lifecycle": "",
            "instance_market_options": [],
            "instance_state": "running",
            "instance_type": "t2.micro",
            "ipv6_address_count": 0,
            "ipv6_addresses": [],
            "key_name": "app-key",
            "launch_template": [],
            "maintenance_options": [
              {
                "auto_recovery": "default"
              }
            ],
            "metadata_options": [
              {
                "http_endpoint": "enabled",
                "http_put_response_hop_limit": 1,
                "http_tokens": "optional",
                "instance_metadata_tags": "disabled"
              }
            ],
            "monitoring": false,
            "network_interface": [],
            "outpost_arn": "",
            "password_data": "",
            "placement_group": "",
            "placement_partition_number": 0,
            "primary_network_interface_id": "eni-0ddd784a167cbf5c1",
            "private_dns": "ip-192-168-0-12.ca-central-1.compute.internal",
            "private_dns_name_options": [
              {
                "enable_resource_name_dns_a_record": false,
                "enable_resource_name_dns_aaaa_record": false,
                "hostname_type": "ip-name"
              }
            ],
            "private_ip": "192.168.0.12",
            "public_dns": "",
            "public_ip": "3.96.144.198",
            "root_block_device": [
              {
                "delete_on_termination": true,
                "device_name": "/dev/sda1",
                "encrypted": false,
                "iops": 100,
                "kms_key_id": "",
                "tags": {},
                "throughput": 0,
                "volume_id": "vol-0523084a6b7572362",
                "volume_size": 8,
                "volume_type": "gp2"
              }
            ],
            "secondary_private_ips": [],
            "security_groups": [],
            "source_dest_check": true,
            "spot_instance_request_id": "",
            "subnet_id": "subnet-0c58477d64457c1e3",
            "tags": {
              "Name": "WEB"
            },
            "tags_all": {
              "Name": "WEB"
            },
            "tenancy": "default",
            "timeouts": null,
            "user_data": null,
            "user_data_base64": null,
            "user_data_replace_on_change": false,
            "volume_tags": null,
            "vpc_security_group_ids": [
              "sg-039765d0c591bd06f"
            ]
          },
          "sensitive_attributes": [],
          "private": "eyJlMmJmYjczMC1lY2FhLTExZTYtOGY4OC0zNDM2M2JjN2M0YzAiOnsiY3JlYXRlIjo2MDAwMDAwMDAwMDAsImRlbGV0ZSI6MTIwMDAwMDAwMDAwMCwidXBkYXRlIjo2MDAwMDAwMDAwMDB9LCJzY2hlbWFfdmVyc2lvbiI6IjEifQ==",
          "dependencies": [
            "aws_key_pair.app_key",
            "aws_subnet.app_subnet",
            "tls_private_key.ssh_key"
          ]
        }
      ]
    },
    {
      "mode": "managed",
      "type": "aws_internet_gateway",
      "name": "igateway",
      "provider": "provider[\"registry.terraform.io/hashicorp/aws\"]",
      "instances": [
        {
          "schema_version": 0,
          "attributes": {
            "arn": "arn:aws:ec2:ca-central-1:295196550967:internet-gateway/igw-0ef63b49f96ae2d0d",
            "id": "igw-0ef63b49f96ae2d0d",
            "owner_id": "295196550967",
            "tags": {},
            "tags_all": {},
            "timeouts": null,
            "vpc_id": "vpc-0b74fa381f63d7e2f"
          },
          "sensitive_attributes": [],
          "private": "eyJlMmJmYjczMC1lY2FhLTExZTYtOGY4OC0zNDM2M2JjN2M0YzAiOnsiY3JlYXRlIjoxMjAwMDAwMDAwMDAwLCJkZWxldGUiOjEyMDAwMDAwMDAwMDAsInVwZGF0ZSI6MTIwMDAwMDAwMDAwMH19",
          "dependencies": [
            "aws_vpc.app_vpc"
          ]
        }
      ]
    },
    {
      "mode": "managed",
      "type": "aws_key_pair",
      "name": "app_key",
      "provider": "provider[\"registry.terraform.io/hashicorp/aws\"]",
      "instances": [
        {
          "schema_version": 1,
          "attributes": {
            "arn": "arn:aws:ec2:ca-central-1:295196550967:key-pair/app-key",
            "fingerprint": "12:e9:84:71:dd:1b:33:d4:70:68:dd:aa:86:2f:c4:e4",
            "id": "app-key",
            "key_name": "app-key",
            "key_name_prefix": "",
            "key_pair_id": "key-0046cd67563bdb323",
            "key_type": "rsa",
            "public_key": "ssh-rsa AAAAB3NzaC1yc2EAAAADAQABAAABAQC8/gF1/EXvPLPdihRueNynZh4DuK2/MGPAsyUfgKHLS0Nie+pWOgqjGM8RnQ+yXsK5XDZa/NBn9A0apYNY8YI25Wi3IEqn6S/Vs0fg8o36QBEpB5Bqh04WYHFl1397ns7Ji0wbN1x4C7T8hRr49FIgyr9IRSQMi2Hf6NY4s4gM+hWHQg/cngdhbrdo9fBUvvgihx9W/c6lWdmkM3OQjWyMLkWI82IKl85070MafZwHK9H/kvqeWBiuemfRC1qzCFju7R52zUD5ToRXz/K5Zc0fQ7/BFXEE2Cd0hYFRZehQZQqcDtbHxXyP8BcqklZEKNeBUeB90z/HGwRnOCMEpWtf",
            "tags": null,
            "tags_all": {}
          },
          "sensitive_attributes": [],
          "private": "eyJzY2hlbWFfdmVyc2lvbiI6IjEifQ==",
          "dependencies": [
            "tls_private_key.ssh_key"
          ]
        }
      ]
    },
    {
      "mode": "managed",
      "type": "aws_route_table",
      "name": "app_route_table",
      "provider": "provider[\"registry.terraform.io/hashicorp/aws\"]",
      "instances": [
        {
          "schema_version": 0,
          "attributes": {
            "arn": "arn:aws:ec2:ca-central-1:295196550967:route-table/rtb-03a7ce2681d5d3fcf",
            "id": "rtb-03a7ce2681d5d3fcf",
            "owner_id": "295196550967",
            "propagating_vgws": [],
            "route": [
              {
                "carrier_gateway_id": "",
                "cidr_block": "0.0.0.0/0",
                "core_network_arn": "",
                "destination_prefix_list_id": "",
                "egress_only_gateway_id": "",
                "gateway_id": "igw-0ef63b49f96ae2d0d",
                "ipv6_cidr_block": "",
                "local_gateway_id": "",
                "nat_gateway_id": "",
                "network_interface_id": "",
                "transit_gateway_id": "",
                "vpc_endpoint_id": "",
                "vpc_peering_connection_id": ""
              }
            ],
            "tags": {
              "Name": "app_route_table"
            },
            "tags_all": {
              "Name": "app_route_table"
            },
            "timeouts": null,
            "vpc_id": "vpc-0b74fa381f63d7e2f"
          },
          "sensitive_attributes": [],
          "private": "eyJlMmJmYjczMC1lY2FhLTExZTYtOGY4OC0zNDM2M2JjN2M0YzAiOnsiY3JlYXRlIjozMDAwMDAwMDAwMDAsImRlbGV0ZSI6MzAwMDAwMDAwMDAwLCJ1cGRhdGUiOjEyMDAwMDAwMDAwMH19",
          "dependencies": [
            "aws_internet_gateway.igateway",
            "aws_vpc.app_vpc"
          ]
        }
      ]
    },
    {
      "mode": "managed",
      "type": "aws_route_table_association",
      "name": "app_route_table_association",
      "provider": "provider[\"registry.terraform.io/hashicorp/aws\"]",
      "instances": [
        {
          "schema_version": 0,
          "attributes": {
            "gateway_id": "",
            "id": "rtbassoc-03ed9142d4c8b3683",
            "route_table_id": "rtb-03a7ce2681d5d3fcf",
            "subnet_id": "subnet-0c58477d64457c1e3",
            "timeouts": null
          },
          "sensitive_attributes": [],
          "private": "eyJlMmJmYjczMC1lY2FhLTExZTYtOGY4OC0zNDM2M2JjN2M0YzAiOnsiY3JlYXRlIjozMDAwMDAwMDAwMDAsImRlbGV0ZSI6MzAwMDAwMDAwMDAwLCJ1cGRhdGUiOjEyMDAwMDAwMDAwMH19",
          "dependencies": [
            "aws_internet_gateway.igateway",
            "aws_route_table.app_route_table",
            "aws_subnet.app_subnet",
            "aws_vpc.app_vpc"
          ]
        }
      ]
    },
    {
      "mode": "managed",
      "type": "aws_security_group",
      "name": "app_security_group",
      "provider": "provider[\"registry.terraform.io/hashicorp/aws\"]",
      "instances": [
        {
          "schema_version": 1,
          "attributes": {
            "arn": "arn:aws:ec2:ca-central-1:295196550967:security-group/sg-02bdb5ef7407bd545",
            "description": "Managed by Terraform",
            "egress": [
              {
                "cidr_blocks": [
                  "0.0.0.0/0"
                ],
                "description": "",
                "from_port": 0,
                "ipv6_cidr_blocks": [],
                "prefix_list_ids": [],
                "protocol": "-1",
                "security_groups": [],
                "self": false,
                "to_port": 0
              }
            ],
            "id": "sg-02bdb5ef7407bd545",
            "ingress": [
              {
                "cidr_blocks": [
                  "0.0.0.0/0"
                ],
                "description": "",
                "from_port": 0,
                "ipv6_cidr_blocks": [],
                "prefix_list_ids": [],
                "protocol": "-1",
                "security_groups": [],
                "self": false,
                "to_port": 0
              },
              {
                "cidr_blocks": [
                  "10.0.1.0/24"
                ],
                "description": "",
                "from_port": 0,
                "ipv6_cidr_blocks": [],
                "prefix_list_ids": [],
                "protocol": "-1",
                "security_groups": [],
                "self": false,
                "to_port": 0
              },
              {
                "cidr_blocks": [
                  "13.48.147.159/32"
                ],
                "description": "",
                "from_port": 22,
                "ipv6_cidr_blocks": [],
                "prefix_list_ids": [],
                "protocol": "tcp",
                "security_groups": [],
                "self": false,
                "to_port": 22
              },
              {
                "cidr_blocks": [
                  "13.48.147.159/32"
                ],
                "description": "",
                "from_port": 80,
                "ipv6_cidr_blocks": [],
                "prefix_list_ids": [],
                "protocol": "tcp",
                "security_groups": [],
                "self": false,
                "to_port": 80
              }
            ],
            "name": "app_security_group",
            "name_prefix": "",
            "owner_id": "295196550967",
            "revoke_rules_on_delete": false,
            "tags": {},
            "tags_all": {},
            "timeouts": null,
            "vpc_id": "vpc-0b74fa381f63d7e2f"
          },
          "sensitive_attributes": [],
          "private": "eyJlMmJmYjczMC1lY2FhLTExZTYtOGY4OC0zNDM2M2JjN2M0YzAiOnsiY3JlYXRlIjo2MDAwMDAwMDAwMDAsImRlbGV0ZSI6OTAwMDAwMDAwMDAwfSwic2NoZW1hX3ZlcnNpb24iOiIxIn0=",
          "dependencies": [
            "aws_vpc.app_vpc"
          ]
        }
      ]
    },
    {
      "mode": "managed",
      "type": "aws_subnet",
      "name": "app_subnet",
      "provider": "provider[\"registry.terraform.io/hashicorp/aws\"]",
      "instances": [
        {
          "schema_version": 1,
          "attributes": {
            "arn": "arn:aws:ec2:ca-central-1:295196550967:subnet/subnet-0c58477d64457c1e3",
            "assign_ipv6_address_on_creation": false,
            "availability_zone": "ca-central-1a",
            "availability_zone_id": "cac1-az1",
            "cidr_block": "192.168.0.0/24",
            "customer_owned_ipv4_pool": "",
            "enable_dns64": false,
            "enable_lni_at_device_index": 0,
            "enable_resource_name_dns_a_record_on_launch": false,
            "enable_resource_name_dns_aaaa_record_on_launch": false,
            "id": "subnet-0c58477d64457c1e3",
            "ipv6_cidr_block": "",
            "ipv6_cidr_block_association_id": "",
            "ipv6_native": false,
            "map_customer_owned_ip_on_launch": false,
            "map_public_ip_on_launch": false,
            "outpost_arn": "",
            "owner_id": "295196550967",
            "private_dns_hostname_type_on_launch": "ip-name",
            "tags": {
              "Name": "Akamai App Subnet"
            },
            "tags_all": {
              "Name": "Akamai App Subnet"
            },
            "timeouts": null,
            "vpc_id": "vpc-0b74fa381f63d7e2f"
          },
          "sensitive_attributes": [],
          "private": "eyJlMmJmYjczMC1lY2FhLTExZTYtOGY4OC0zNDM2M2JjN2M0YzAiOnsiY3JlYXRlIjo2MDAwMDAwMDAwMDAsImRlbGV0ZSI6MTIwMDAwMDAwMDAwMH0sInNjaGVtYV92ZXJzaW9uIjoiMSJ9",
          "dependencies": [
            "aws_vpc.app_vpc"
          ]
        }
      ]
    },
    {
      "mode": "managed",
      "type": "aws_vpc",
      "name": "app_vpc",
      "provider": "provider[\"registry.terraform.io/hashicorp/aws\"]",
      "instances": [
        {
          "schema_version": 1,
          "attributes": {
            "arn": "arn:aws:ec2:ca-central-1:295196550967:vpc/vpc-0b74fa381f63d7e2f",
            "assign_generated_ipv6_cidr_block": false,
            "cidr_block": "192.168.0.0/16",
            "default_network_acl_id": "acl-0b253f95ac358e4d1",
            "default_route_table_id": "rtb-005a53efaa946e9cc",
            "default_security_group_id": "sg-039765d0c591bd06f",
            "dhcp_options_id": "dopt-0a98f87a940fe6ea7",
            "enable_dns_hostnames": false,
            "enable_dns_support": true,
            "enable_network_address_usage_metrics": false,
            "id": "vpc-0b74fa381f63d7e2f",
            "instance_tenancy": "default",
            "ipv4_ipam_pool_id": null,
            "ipv4_netmask_length": null,
            "ipv6_association_id": "",
            "ipv6_cidr_block": "",
            "ipv6_cidr_block_network_border_group": "",
            "ipv6_ipam_pool_id": "",
            "ipv6_netmask_length": 0,
            "main_route_table_id": "rtb-005a53efaa946e9cc",
            "owner_id": "295196550967",
            "tags": {
              "Name": "Akamai App VPC"
            },
            "tags_all": {
              "Name": "Akamai App VPC"
            }
          },
          "sensitive_attributes": [],
          "private": "eyJzY2hlbWFfdmVyc2lvbiI6IjEifQ=="
        }
      ]
    },
    {
      "mode": "managed",
      "type": "local_sensitive_file",
      "name": "ssh_private_key_file",
      "provider": "provider[\"registry.terraform.io/hashicorp/local\"]",
      "instances": [
        {
          "schema_version": 0,
          "attributes": {
            "content": "-----BEGIN RSA PRIVATE KEY-----\nMIIEpAIBAAKCAQEAvP4BdfxF7zyz3YoUbnjcp2YeA7itvzBjwLMlH4Chy0tDYnvq\nVjoKoxjPEZ0Psl7CuVw2WvzQZ/QNGqWDWPGCNuVotyBKp+kv1bNH4PKN+kARKQeQ\naodOFmBxZdd/e57OyYtMGzdceAu0/IUa+PRSIMq/SEUkDIth3+jWOLOIDPoVh0IP\n3J4HYW63aPXwVL74IocfVv3OpVnZpDNzkI1sjC5FiPNiCpfOdO9DGn2cByvR/5L6\nnlgYrnpn0QtaswhY7u0eds1A+U6EV8/yuWXNH0O/wRVxBNgndIWBUWXoUGUKnA7W\nx8V8j/AXKpJWRCjXgVHgfdM/xxsEZzgjBKVrXwIDAQABAoIBAQC0G31Y62nabIcd\nAZInFZdzEKZZ9Y3fPkZSRmeCdhu6madGG8FfG0E33VS4/G0RF62K6I4EeBpEdxhl\n5IYgJUhq+IWqv2NmUZv8lDZT8dPMQXIZH9RJMVkBijeHTq93KAj5mX6WEVRWMxHv\n9QmXZ389MPrJ7NpF+i70K/i7YJyvf57ADcz/S5bANFwGA3J5dlL6CAO6Swm+Nfn1\nKm7PhneWXxr1zw0EE4P+bXkY7s8ttRlobyXecesUAk+EGk3JES5J9CUhBg96MYrl\nGTvkI+j9C43KUXkO5YxC3OmhvqeUjfXVDxy7HWWpgWC8PDEU81MHi8m+qHy+kdnD\nih9t2dmBAoGBAPjsm30sqSuNFl6OyC9S/V7/r613+nq26/RjIkefQFWaAsdIpxaZ\nCbFLQyHkdZRlASlfJAuccel1xRLjruejpJioIbQY01ZYJoF+WFN4KLeVVqYF8FS/\nQhsoNBjEVKmOaNUGfzh261mE/2bcwT7/fM9+oHdYEdZXo2RrnSqAv0s5AoGBAMJd\nR6enGblRVPwsyBl9aHyS1/qI8QOOJ+LILl9JD6zyAuRw2ncbxX9uAMP1shV8TuV/\nPxkvxlaL6PaX/5wy+OM4D7kcLyrM9gRD23/q1b0IHtU9Ou96SYAuHNNsNaNINY0X\nXFNpb8rOcc+QTAC8cJTFWIJBY6XwV43LYvOQWrNXAoGBAJkrxvX8cFB7LaObynTM\nZVp6jRh59mhifMjR43sc9FJ4RXNpMl/GZd9xx2pokS1yBYf2olB+wN1+eXkJH0ws\nNxE0jCCtEgZUkcUnAKTEEJH+0+WvS9ZqJfxd/cirrsjy93D14XzWODXKj/o0prjk\nL2Hisk0dpUQ2gzU8vuYzeQKJAoGAZQV0q9f3T9HNGTDxZAZBm5X7OdWZZ16orn+b\nUp03z40OIcviUMwXb68uKKv4PqCYpUHo+t9Q+ETJ9fl0uqvnnrnRukXC4j0blYXr\nfWYCZ7jjxbOIgVYPA9dz1hPFITPz2XyN2TDRERkSIG8AgdVvsnOMGE+CSopMB3/x\n02RxMAsCgYB0qYsnZ3X60RSPb8HgGYKawMV/dPNF4UsYq6Ru4rjhBBMv4nym2lLY\nRTFz0YAxayXReQZm2dPeXB1zrSQ6gad/RkdA51U2rF9QaHhtOpoFe1rrX3XF6vWz\nef5jZ2YOIGq09Q4Qx1+onHvCWg5Wj56IKA7/hnhgepV9804398ImmQ==\n-----END RSA PRIVATE KEY-----\n",
            "content_base64": null,
            "content_base64sha256": "kRB+oXaPtzPGoQ1FQZwBK310hpSobr5ubGRb81GoIac=",
            "content_base64sha512": "ZHb8+598vj0bSgcqL5fKIeYqEx2jg3wRB5J+VzmdacGq72Lk65lxqXXiyLrkdOuEVI5c9Nv3yc4t2jmJPQs8Jw==",
            "content_md5": "fd2f246c831ed665dd87e1d33e983b4e",
            "content_sha1": "39e1226148baacb6eadbb259a42c130c6da57424",
            "content_sha256": "91107ea1768fb733c6a10d45419c012b7d748694a86ebe6e6c645bf351a821a7",
            "content_sha512": "6476fcfb9f7cbe3d1b4a072a2f97ca21e62a131da3837c1107927e57399d69c1aaef62e4eb9971a975e2c8bae474eb84548e5cf4dbf7c9ce2dda39893d0b3c27",
            "directory_permission": "0700",
            "file_permission": "0400",
            "filename": "./app-key.pem",
            "id": "39e1226148baacb6eadbb259a42c130c6da57424",
            "source": null
          },
          "sensitive_attributes": [
            [
              {
                "type": "get_attr",
                "value": "content"
              }
            ]
          ],
          "dependencies": [
            "tls_private_key.ssh_key"
          ]
        }
      ]
    },
    {
      "mode": "managed",
      "type": "tls_private_key",
      "name": "ssh_key",
      "provider": "provider[\"registry.terraform.io/hashicorp/tls\"]",
      "instances": [
        {
          "schema_version": 1,
          "attributes": {
            "algorithm": "RSA",
            "ecdsa_curve": "P224",
            "id": "eb4c65ba848b19ccb7e29f40b3f19e38e138ec1f",
            "private_key_openssh": "-----BEGIN OPENSSH PRIVATE KEY-----\nb3BlbnNzaC1rZXktdjEAAAAABG5vbmUAAAAEbm9uZQAAAAAAAAABAAABFwAAAAdz\nc2gtcnNhAAAAAwEAAQAAAQEAvP4BdfxF7zyz3YoUbnjcp2YeA7itvzBjwLMlH4Ch\ny0tDYnvqVjoKoxjPEZ0Psl7CuVw2WvzQZ/QNGqWDWPGCNuVotyBKp+kv1bNH4PKN\n+kARKQeQaodOFmBxZdd/e57OyYtMGzdceAu0/IUa+PRSIMq/SEUkDIth3+jWOLOI\nDPoVh0IP3J4HYW63aPXwVL74IocfVv3OpVnZpDNzkI1sjC5FiPNiCpfOdO9DGn2c\nByvR/5L6nlgYrnpn0QtaswhY7u0eds1A+U6EV8/yuWXNH0O/wRVxBNgndIWBUWXo\nUGUKnA7Wx8V8j/AXKpJWRCjXgVHgfdM/xxsEZzgjBKVrXwAAA7gu0UaILtFGiAAA\nAAdzc2gtcnNhAAABAQC8/gF1/EXvPLPdihRueNynZh4DuK2/MGPAsyUfgKHLS0Ni\ne+pWOgqjGM8RnQ+yXsK5XDZa/NBn9A0apYNY8YI25Wi3IEqn6S/Vs0fg8o36QBEp\nB5Bqh04WYHFl1397ns7Ji0wbN1x4C7T8hRr49FIgyr9IRSQMi2Hf6NY4s4gM+hWH\nQg/cngdhbrdo9fBUvvgihx9W/c6lWdmkM3OQjWyMLkWI82IKl85070MafZwHK9H/\nkvqeWBiuemfRC1qzCFju7R52zUD5ToRXz/K5Zc0fQ7/BFXEE2Cd0hYFRZehQZQqc\nDtbHxXyP8BcqklZEKNeBUeB90z/HGwRnOCMEpWtfAAAAAwEAAQAAAQEAtBt9WOtp\n2myHHQGSJxWXcxCmWfWN3z5GUkZngnYbupmnRhvBXxtBN91UuPxtERetiuiOBHga\nRHcYZeSGICVIaviFqr9jZlGb/JQ2U/HTzEFyGR/USTFZAYo3h06vdygI+Zl+lhFU\nVjMR7/UJl2d/PTD6yezaRfou9Cv4u2Ccr3+ewA3M/0uWwDRcBgNyeXZS+ggDuksJ\nvjX59Spuz4Z3ll8a9c8NBBOD/m15GO7PLbUZaG8l3nHrFAJPhBpNyREuSfQlIQYP\nejGK5Rk75CPo/QuNylF5DuWMQtzpob6nlI311Q8cux1lqYFgvDwxFPNTB4vJvqh8\nvpHZw4ofbdnZgQAAAIB0qYsnZ3X60RSPb8HgGYKawMV/dPNF4UsYq6Ru4rjhBBMv\n4nym2lLYRTFz0YAxayXReQZm2dPeXB1zrSQ6gad/RkdA51U2rF9QaHhtOpoFe1rr\nX3XF6vWzef5jZ2YOIGq09Q4Qx1+onHvCWg5Wj56IKA7/hnhgepV9804398ImmQAA\nAIEA+OybfSypK40WXo7IL1L9Xv+vrXf6erbr9GMiR59AVZoCx0inFpkJsUtDIeR1\nlGUBKV8kC5xx6XXFEuOu56OkmKghtBjTVlgmgX5YU3got5VWpgXwVL9CGyg0GMRU\nqY5o1QZ/OHbrWYT/ZtzBPv98z36gd1gR1lejZGudKoC/SzkAAACBAMJdR6enGblR\nVPwsyBl9aHyS1/qI8QOOJ+LILl9JD6zyAuRw2ncbxX9uAMP1shV8TuV/PxkvxlaL\n6PaX/5wy+OM4D7kcLyrM9gRD23/q1b0IHtU9Ou96SYAuHNNsNaNINY0XXFNpb8rO\ncc+QTAC8cJTFWIJBY6XwV43LYvOQWrNXAAAAAAEC\n-----END OPENSSH PRIVATE KEY-----\n",
            "private_key_pem": "-----BEGIN RSA PRIVATE KEY-----\nMIIEpAIBAAKCAQEAvP4BdfxF7zyz3YoUbnjcp2YeA7itvzBjwLMlH4Chy0tDYnvq\nVjoKoxjPEZ0Psl7CuVw2WvzQZ/QNGqWDWPGCNuVotyBKp+kv1bNH4PKN+kARKQeQ\naodOFmBxZdd/e57OyYtMGzdceAu0/IUa+PRSIMq/SEUkDIth3+jWOLOIDPoVh0IP\n3J4HYW63aPXwVL74IocfVv3OpVnZpDNzkI1sjC5FiPNiCpfOdO9DGn2cByvR/5L6\nnlgYrnpn0QtaswhY7u0eds1A+U6EV8/yuWXNH0O/wRVxBNgndIWBUWXoUGUKnA7W\nx8V8j/AXKpJWRCjXgVHgfdM/xxsEZzgjBKVrXwIDAQABAoIBAQC0G31Y62nabIcd\nAZInFZdzEKZZ9Y3fPkZSRmeCdhu6madGG8FfG0E33VS4/G0RF62K6I4EeBpEdxhl\n5IYgJUhq+IWqv2NmUZv8lDZT8dPMQXIZH9RJMVkBijeHTq93KAj5mX6WEVRWMxHv\n9QmXZ389MPrJ7NpF+i70K/i7YJyvf57ADcz/S5bANFwGA3J5dlL6CAO6Swm+Nfn1\nKm7PhneWXxr1zw0EE4P+bXkY7s8ttRlobyXecesUAk+EGk3JES5J9CUhBg96MYrl\nGTvkI+j9C43KUXkO5YxC3OmhvqeUjfXVDxy7HWWpgWC8PDEU81MHi8m+qHy+kdnD\nih9t2dmBAoGBAPjsm30sqSuNFl6OyC9S/V7/r613+nq26/RjIkefQFWaAsdIpxaZ\nCbFLQyHkdZRlASlfJAuccel1xRLjruejpJioIbQY01ZYJoF+WFN4KLeVVqYF8FS/\nQhsoNBjEVKmOaNUGfzh261mE/2bcwT7/fM9+oHdYEdZXo2RrnSqAv0s5AoGBAMJd\nR6enGblRVPwsyBl9aHyS1/qI8QOOJ+LILl9JD6zyAuRw2ncbxX9uAMP1shV8TuV/\nPxkvxlaL6PaX/5wy+OM4D7kcLyrM9gRD23/q1b0IHtU9Ou96SYAuHNNsNaNINY0X\nXFNpb8rOcc+QTAC8cJTFWIJBY6XwV43LYvOQWrNXAoGBAJkrxvX8cFB7LaObynTM\nZVp6jRh59mhifMjR43sc9FJ4RXNpMl/GZd9xx2pokS1yBYf2olB+wN1+eXkJH0ws\nNxE0jCCtEgZUkcUnAKTEEJH+0+WvS9ZqJfxd/cirrsjy93D14XzWODXKj/o0prjk\nL2Hisk0dpUQ2gzU8vuYzeQKJAoGAZQV0q9f3T9HNGTDxZAZBm5X7OdWZZ16orn+b\nUp03z40OIcviUMwXb68uKKv4PqCYpUHo+t9Q+ETJ9fl0uqvnnrnRukXC4j0blYXr\nfWYCZ7jjxbOIgVYPA9dz1hPFITPz2XyN2TDRERkSIG8AgdVvsnOMGE+CSopMB3/x\n02RxMAsCgYB0qYsnZ3X60RSPb8HgGYKawMV/dPNF4UsYq6Ru4rjhBBMv4nym2lLY\nRTFz0YAxayXReQZm2dPeXB1zrSQ6gad/RkdA51U2rF9QaHhtOpoFe1rrX3XF6vWz\nef5jZ2YOIGq09Q4Qx1+onHvCWg5Wj56IKA7/hnhgepV9804398ImmQ==\n-----END RSA PRIVATE KEY-----\n",
            "private_key_pem_pkcs8": "-----BEGIN PRIVATE KEY-----\nMIIEvgIBADANBgkqhkiG9w0BAQEFAASCBKgwggSkAgEAAoIBAQC8/gF1/EXvPLPd\nihRueNynZh4DuK2/MGPAsyUfgKHLS0Nie+pWOgqjGM8RnQ+yXsK5XDZa/NBn9A0a\npYNY8YI25Wi3IEqn6S/Vs0fg8o36QBEpB5Bqh04WYHFl1397ns7Ji0wbN1x4C7T8\nhRr49FIgyr9IRSQMi2Hf6NY4s4gM+hWHQg/cngdhbrdo9fBUvvgihx9W/c6lWdmk\nM3OQjWyMLkWI82IKl85070MafZwHK9H/kvqeWBiuemfRC1qzCFju7R52zUD5ToRX\nz/K5Zc0fQ7/BFXEE2Cd0hYFRZehQZQqcDtbHxXyP8BcqklZEKNeBUeB90z/HGwRn\nOCMEpWtfAgMBAAECggEBALQbfVjradpshx0BkicVl3MQpln1jd8+RlJGZ4J2G7qZ\np0YbwV8bQTfdVLj8bREXrYrojgR4GkR3GGXkhiAlSGr4haq/Y2ZRm/yUNlPx08xB\nchkf1EkxWQGKN4dOr3coCPmZfpYRVFYzEe/1CZdnfz0w+sns2kX6LvQr+LtgnK9/\nnsANzP9LlsA0XAYDcnl2UvoIA7pLCb41+fUqbs+Gd5ZfGvXPDQQTg/5teRjuzy21\nGWhvJd5x6xQCT4QaTckRLkn0JSEGD3oxiuUZO+Qj6P0LjcpReQ7ljELc6aG+p5SN\n9dUPHLsdZamBYLw8MRTzUweLyb6ofL6R2cOKH23Z2YECgYEA+OybfSypK40WXo7I\nL1L9Xv+vrXf6erbr9GMiR59AVZoCx0inFpkJsUtDIeR1lGUBKV8kC5xx6XXFEuOu\n56OkmKghtBjTVlgmgX5YU3got5VWpgXwVL9CGyg0GMRUqY5o1QZ/OHbrWYT/ZtzB\nPv98z36gd1gR1lejZGudKoC/SzkCgYEAwl1Hp6cZuVFU/CzIGX1ofJLX+ojxA44n\n4sguX0kPrPIC5HDadxvFf24Aw/WyFXxO5X8/GS/GVovo9pf/nDL44zgPuRwvKsz2\nBEPbf+rVvQge1T0673pJgC4c02w1o0g1jRdcU2lvys5xz5BMALxwlMVYgkFjpfBX\njcti85Bas1cCgYEAmSvG9fxwUHsto5vKdMxlWnqNGHn2aGJ8yNHjexz0UnhFc2ky\nX8Zl33HHamiRLXIFh/aiUH7A3X55eQkfTCw3ETSMIK0SBlSRxScApMQQkf7T5a9L\n1mol/F39yKuuyPL3cPXhfNY4NcqP+jSmuOQvYeKyTR2lRDaDNTy+5jN5AokCgYBl\nBXSr1/dP0c0ZMPFkBkGblfs51ZlnXqiuf5tSnTfPjQ4hy+JQzBdvry4oq/g+oJil\nQej631D4RMn1+XS6q+eeudG6RcLiPRuVhet9ZgJnuOPFs4iBVg8D13PWE8UhM/PZ\nfI3ZMNERGRIgbwCB1W+yc4wYT4JKikwHf/HTZHEwCwKBgHSpiydndfrRFI9vweAZ\ngprAxX9080XhSxirpG7iuOEEEy/ifKbaUthFMXPRgDFrJdF5BmbZ095cHXOtJDqB\np39GR0DnVTasX1BoeG06mgV7WutfdcXq9bN5/mNnZg4garT1DhDHX6ice8JaDlaP\nnogoDv+GeGB6lX3zTjf3wiaZ\n-----END PRIVATE KEY-----\n",
            "public_key_fingerprint_md5": "9d:6b:4f:bd:1d:ca:b7:a6:dc:14:a1:dc:f7:3b:d5:a8",
            "public_key_fingerprint_sha256": "SHA256:850n1wFCqC5abzXF6PCd6Nyf6cMU50Xt1FSs1PVwHLM",
            "public_key_openssh": "ssh-rsa AAAAB3NzaC1yc2EAAAADAQABAAABAQC8/gF1/EXvPLPdihRueNynZh4DuK2/MGPAsyUfgKHLS0Nie+pWOgqjGM8RnQ+yXsK5XDZa/NBn9A0apYNY8YI25Wi3IEqn6S/Vs0fg8o36QBEpB5Bqh04WYHFl1397ns7Ji0wbN1x4C7T8hRr49FIgyr9IRSQMi2Hf6NY4s4gM+hWHQg/cngdhbrdo9fBUvvgihx9W/c6lWdmkM3OQjWyMLkWI82IKl85070MafZwHK9H/kvqeWBiuemfRC1qzCFju7R52zUD5ToRXz/K5Zc0fQ7/BFXEE2Cd0hYFRZehQZQqcDtbHxXyP8BcqklZEKNeBUeB90z/HGwRnOCMEpWtf\n",
            "public_key_pem": "-----BEGIN PUBLIC KEY-----\nMIIBIjANBgkqhkiG9w0BAQEFAAOCAQ8AMIIBCgKCAQEAvP4BdfxF7zyz3YoUbnjc\np2YeA7itvzBjwLMlH4Chy0tDYnvqVjoKoxjPEZ0Psl7CuVw2WvzQZ/QNGqWDWPGC\nNuVotyBKp+kv1bNH4PKN+kARKQeQaodOFmBxZdd/e57OyYtMGzdceAu0/IUa+PRS\nIMq/SEUkDIth3+jWOLOIDPoVh0IP3J4HYW63aPXwVL74IocfVv3OpVnZpDNzkI1s\njC5FiPNiCpfOdO9DGn2cByvR/5L6nlgYrnpn0QtaswhY7u0eds1A+U6EV8/yuWXN\nH0O/wRVxBNgndIWBUWXoUGUKnA7Wx8V8j/AXKpJWRCjXgVHgfdM/xxsEZzgjBKVr\nXwIDAQAB\n-----END PUBLIC KEY-----\n",
            "rsa_bits": 2048
          },
          "sensitive_attributes": []
        }
      ]
    }
  ],
  "check_results": null
}
